{
  "pins" : [
    {
      "identity" : "emojikit",
      "kind" : "remoteSourceControl",
      "location" : "https://github.com/niklasamslgruber/EmojiKit",
      "state" : {
        "revision" : "b57c28995b8e398d31be0c8b07de0917b0ebb84b",
        "version" : "1.2.1"
      }
    }
  ],
  "version" : 2
}
